#MicroXplorer Configuration settings - do not modify
Mcu.Family=STM32F3
ProjectManager.MainLocation=Src
RCC.MCOFreq_Value=48000000
VP_TIM5_VS_ClockSourceINT.Mode=Internal
USB_DEVICE.CLASS_NAME_FS=HID
RCC.USART1Freq_Value=48000000
RCC.CortexFreq_Value=48000000
RCC.SDADCPresc=RCC_SDADCSYSCLK_DIV8
SPI3.Direction=SPI_DIRECTION_2LINES
VP_TIM17_VS_ClockSourceINT.Mode=Enable_Timer
SPI3.VirtualType=VM_MASTER
SH.S_TIM5_CH1_ETR.ConfNb=1
ProjectManager.KeepUserCode=true
Mcu.UserName=STM32F373CCTx
VP_ADC1_TempSens_Input.Mode=IN-TempSens
VP_TIM5_VS_ClockSourceINT.Signal=TIM5_VS_ClockSourceINT
TIM12.Channel-PWM\ Generation2\ CH2=TIM_CHANNEL_2
RCC.PLLCLKFreq_Value=48000000
VP_IWDG_VS_IWDG.Mode=IWDG_Activate
PA0.GPIO_Label=SPI3_SS
ProjectManager.functionlistsort=1-MX_GPIO_Init-GPIO-false-HAL-true,2-SystemClock_Config-RCC-false-HAL-false,3-MX_ADC1_Init-ADC1-false-HAL-true,4-MX_CRC_Init-CRC-false-HAL-true,5-MX_I2C1_Init-I2C1-false-HAL-true,6-MX_I2C2_Init-I2C2-false-HAL-true,7-MX_IWDG_Init-IWDG-false-HAL-true,8-MX_SPI3_Init-SPI3-false-HAL-true,9-MX_TIM12_Init-TIM12-false-HAL-true,10-MX_TIM13_Init-TIM13-false-HAL-true,11-MX_TIM14_Init-TIM14-false-HAL-true,12-MX_TIM16_Init-TIM16-false-HAL-true,13-MX_TIM19_Init-TIM19-false-HAL-true,14-MX_USART2_UART_Init-USART2-false-HAL-true,15-MX_WWDG_Init-WWDG-false-HAL-true,16-MX_USB_DEVICE_Init-USB_DEVICE-false-HAL-false,17-MX_TIM2_Init-TIM2-false-HAL-true,18-MX_TIM3_Init-TIM3-false-HAL-true,19-MX_TIM5_Init-TIM5-false-HAL-true
PD8.Locked=true
PA11.Mode=Device
RCC.RTCFreq_Value=40000
RCC.HSEPLLFreq_Value=16000000
RCC.USART2Freq_Value=48000000
TIM2.Channel-PWM\ Generation2\ CH2=TIM_CHANNEL_2
VP_TIM18_VS_ClockSourceINT.Signal=TIM18_VS_ClockSourceINT
PB15.Signal=S_TIM12_CH2
PinOutPanel.RotationAngle=0
TIM3.Channel-PWM\ Generation4\ CH4=TIM_CHANNEL_4
SH.S_TIM13_CH1.0=TIM13_CH1,PWM Generation1 CH1
RCC.SYSCLKSource=RCC_SYSCLKSOURCE_PLLCLK
ProjectManager.StackSize=0x400
PB5.GPIOParameters=GPIO_Speed,GPIO_PuPd
VP_TIM2_VS_ClockSourceITR.Mode=TriggerSource_ITR0
VP_TIM7_VS_ClockSourceINT.Mode=Enable_Timer
Mcu.IP4=IWDG
Mcu.IP5=NVIC
RCC.FCLKCortexFreq_Value=48000000
Mcu.IP2=I2C1
NVIC.SVCall_IRQn=true\:0\:0\:false\:false\:false\:false\:false
Mcu.IP3=I2C2
Mcu.IP0=ADC1
Mcu.IP1=CRC
PA12.Signal=USB_DP
VP_TIM5_VS_ControllerModeTrigger.Mode=Trigger Mode
Mcu.UserConstants=
SH.S_TIM3_CH2.ConfNb=1
PF7.Signal=I2C2_SDA
SH.S_TIM14_CH1.0=TIM14_CH1,PWM Generation1 CH1
VP_TIM3_VS_ControllerModeTrigger.Signal=TIM3_VS_ControllerModeTrigger
Mcu.ThirdPartyNb=0
RCC.HCLKFreq_Value=48000000
Mcu.IPNb=23
TIM2.IPParameters=Channel-PWM Generation1 CH1,Channel-PWM Generation4 CH4,Channel-PWM Generation3 CH3,Channel-PWM Generation2 CH2
ProjectManager.PreviousToolchain=
RCC.APB2TimFreq_Value=48000000
PB6.Signal=S_TIM3_CH3
RCC.Usart2ClockSelection=RCC_USART2CLKSOURCE_SYSCLK
Mcu.Pin6=PA1
VP_TIM2_VS_ClockSourceINT.Signal=TIM2_VS_ClockSourceINT
PD8.Signal=GPIO_Input
Mcu.Pin7=PA2
Mcu.Pin8=PA3
Mcu.Pin9=PA4
VP_TIM3_VS_ClockSourceITR.Signal=TIM3_VS_ClockSourceITR
RCC.AHBFreq_Value=48000000
RCC.TIM2Freq_Value=48000000
Mcu.Pin0=PC13
Mcu.Pin1=PC14-OSC32_IN
TIM3.Channel-PWM\ Generation1\ CH1=TIM_CHANNEL_1
GPIO.groupedBy=Expand Peripherals
Mcu.Pin2=PC15-OSC32_OUT
Mcu.Pin3=PF0-OSC_IN
RCC.USART3Freq_Value=48000000
Mcu.Pin4=PF1-OSC_OUT
RCC.Usart3ClockSelection=RCC_USART3CLKSOURCE_SYSCLK
Mcu.Pin5=PA0
VP_TIM5_VS_ClockSourceITR.Signal=TIM5_VS_ClockSourceITR
ADC1.Channel-0\#ChannelRegularConversion=ADC_CHANNEL_TEMPSENSOR
ProjectManager.ProjectBuild=false
RCC.HSE_VALUE=16000000
NVIC.UsageFault_IRQn=true\:0\:0\:false\:false\:true\:false\:false
VP_TIM2_VS_ControllerModeTrigger.Signal=TIM2_VS_ControllerModeTrigger
PA0.Locked=true
NVIC.DebugMonitor_IRQn=true\:0\:0\:false\:false\:true\:false\:false
PB2.Signal=SDADC1_AIN4P
Mcu.IP10=TIM3
NVIC.SysTick_IRQn=true\:0\:0\:false\:false\:true\:false\:true
Mcu.IP12=TIM6
RCC.PLLMUL=RCC_PLL_MUL3
Mcu.IP11=TIM5
Mcu.IP18=TIM17
ProjectManager.FirmwarePackage=STM32Cube FW_F3 V1.11.0
SH.S_TIM12_CH2.ConfNb=1
VP_ADC1_Vref_Input.Mode=IN-Vrefint
Mcu.IP17=TIM16
MxDb.Version=DB.5.0.60
VP_USB_DEVICE_VS_USB_DEVICE_HID_FS.Signal=USB_DEVICE_VS_USB_DEVICE_HID_FS
Mcu.IP19=TIM18
PA6.GPIO_PuPd=GPIO_NOPULL
VP_TIM7_VS_ClockSourceINT.Signal=TIM7_VS_ClockSourceINT
Mcu.IP14=TIM12
Mcu.IP13=TIM7
Mcu.IP16=TIM14
ProjectManager.BackupPrevious=false
Mcu.IP15=TIM13
SH.S_TIM12_CH1.0=TIM12_CH1,PWM Generation1 CH1
PE9.Signal=SDADC2_AIN7P
PA14.Mode=Serial_Wire
PE8.Locked=true
PE9.Locked=true
File.Version=6
PC13.GPIO_PuPd=GPIO_PULLUP
PB7.Signal=S_TIM3_CH4
Mcu.IP21=USB_DEVICE
PA8.Signal=S_TIM5_CH1_ETR
Mcu.IP20=USB
TIM2.Channel-PWM\ Generation1\ CH1=TIM_CHANNEL_1
Mcu.IP22=WWDG
NVIC.PendSV_IRQn=true\:0\:0\:false\:false\:false\:false\:false
SH.S_TIM3_CH1.0=TIM3_CH1,PWM Generation1 CH1
VP_TIM3_VS_ClockSourceITR.Mode=TriggerSource_ITR0
VP_ADC1_Vbat_Input.Signal=ADC1_Vbat_Input
ProjectManager.HalAssertFull=false
PB0.Locked=true
ADC1.SamplingTime-0\#ChannelRegularConversion=ADC_SAMPLETIME_1CYCLE_5
ProjectManager.ProjectName=STM32
PA0.Signal=GPIO_Output
RCC.PLLMCOFreq_Value=24000000
Mcu.Package=LQFP48
PB9.Signal=I2C1_SDA
PB1.Signal=SDADC1_AIN5P
PA6.Signal=S_TIM13_CH1
RCC.ADCoutputFreq_Value=24000000
SPI3.Mode=SPI_MODE_MASTER
PB15.GPIO_PuPd=GPIO_NOPULL
PA0.GPIO_PuPd=GPIO_PULLUP
ProjectManager.ToolChainLocation=
RCC.LSI_VALUE=40000
VP_SYS_VS_Systick.Signal=SYS_VS_Systick
PA10.Signal=USART1_RX
PA15.Signal=S_TIM2_CH1_ETR
VP_TIM13_VS_ClockSourceINT.Signal=TIM13_VS_ClockSourceINT
NVIC.USB_LP_IRQn=true\:0\:0\:false\:false\:true\:false\:true
SH.S_TIM12_CH2.0=TIM12_CH2,PWM Generation2 CH2
SH.S_TIM5_CH1_ETR.0=TIM5_CH1,PWM Generation1 CH1
PB5.GPIO_Speed=GPIO_SPEED_FREQ_LOW
RCC.I2CFreq_Value=8000000
RCC.CECFreq_Value=32786.88524590164
RCC.APB1TimFreq_Value=48000000
NVIC.BusFault_IRQn=true\:0\:0\:false\:false\:true\:false\:false
SPI3.IPParameters=VirtualType,Mode,Direction,CalculateBaudRate,BaudRatePrescaler
VP_TIM14_VS_ClockSourceINT.Mode=Enable_Timer
PC15-OSC32_OUT.GPIOParameters=GPIO_PuPd
PA6.GPIO_Speed=GPIO_SPEED_FREQ_LOW
TIM14.IPParameters=Channel
PF1-OSC_OUT.Mode=HSE-External-Oscillator
VP_TIM5_VS_ClockSourceITR.Mode=TriggerSource_ITR0
ProjectManager.CustomerFirmwarePackage=
VP_TIM3_VS_ClockSourceINT.Mode=Internal
PC14-OSC32_IN.Locked=true
PF1-OSC_OUT.Signal=RCC_OSC_OUT
PB4.Signal=S_TIM3_CH1
PA3.Signal=SPI3_MOSI
VP_WWDG_VS_WWDG.Signal=WWDG_VS_WWDG
PA2.Locked=true
PA6.GPIOParameters=GPIO_Speed,GPIO_PuPd
ProjectManager.ProjectFileName=STM32.ioc
TIM2.Channel-PWM\ Generation4\ CH4=TIM_CHANNEL_4
ADC1.Rank-0\#ChannelRegularConversion=1
TIM5.IPParameters=Channel-PWM Generation1 CH1
PA15.GPIOParameters=GPIO_Speed,GPIO_PuPd
Mcu.PinsNb=61
VP_TIM14_VS_ClockSourceINT.Signal=TIM14_VS_ClockSourceINT
ProjectManager.NoMain=false
USB_DEVICE.VirtualModeFS=Hid_FS
VP_TIM3_VS_ControllerModeTrigger.Mode=Trigger Mode
ADC1.IPParameters=Rank-0\#ChannelRegularConversion,Channel-0\#ChannelRegularConversion,SamplingTime-0\#ChannelRegularConversion,NbrOfConversionFlag,master
PC13.Locked=true
PC13.Signal=GPIO_Input
VP_TIM6_VS_ClockSourceINT.Mode=Enable_Timer
VP_ADC1_Vbat_Input.Mode=IN-Vbat
ProjectManager.DefaultFWLocation=true
VP_TIM16_VS_ClockSourceINT.Mode=Enable_Timer
ProjectManager.DeletePrevious=true
RCC.HSIPLLFreq_Value=4000000
PB14.Locked=true
RCC.APB1CLKDivider=RCC_HCLK_DIV2
PC14-OSC32_IN.Signal=GPIO_Input
SH.S_TIM3_CH3.0=TIM3_CH3,PWM Generation3 CH3
USB_DEVICE.IPParameters=VirtualMode,VirtualModeFS,CLASS_NAME_FS
VP_TIM17_VS_ClockSourceINT.Signal=TIM17_VS_ClockSourceINT
Mcu.Pin60=VP_WWDG_VS_WWDG
SH.S_TIM2_CH1_ETR.ConfNb=1
RCC.FamilyName=M
VP_TIM6_VS_ClockSourceINT.Signal=TIM6_VS_ClockSourceINT
PA3.Mode=Full_Duplex_Master
PA13.Signal=SYS_JTMS-SWDIO
TIM3.Channel-PWM\ Generation3\ CH3=TIM_CHANNEL_3
PF7.Mode=I2C
SH.S_TIM2_CH2.0=TIM2_CH2,PWM Generation2 CH2
VP_TIM18_VS_ClockSourceINT.Mode=Enable_Timer
PC15-OSC32_OUT.Locked=true
Mcu.Pin59=VP_USB_DEVICE_VS_USB_DEVICE_HID_FS
Mcu.Pin57=VP_TIM17_VS_ClockSourceINT
Mcu.Pin58=VP_TIM18_VS_ClockSourceINT
PF6.Signal=I2C2_SCL
TIM13.Channel=TIM_CHANNEL_1
ProjectManager.TargetToolchain=STM32CubeIDE
Mcu.Pin51=VP_TIM5_VS_ClockSourceITR
RCC.SDADCoutputFreq_Value=6000000
SH.S_TIM13_CH1.ConfNb=1
SH.S_TIM3_CH3.ConfNb=1
Mcu.Pin52=VP_TIM6_VS_ClockSourceINT
VP_CRC_VS_CRC.Signal=CRC_VS_CRC
Mcu.Pin50=VP_TIM5_VS_ClockSourceINT
Mcu.Pin55=VP_TIM14_VS_ClockSourceINT
Mcu.Pin56=VP_TIM16_VS_ClockSourceINT
Mcu.Pin53=VP_TIM7_VS_ClockSourceINT
Mcu.Pin54=VP_TIM13_VS_ClockSourceINT
PB9.Mode=I2C
PA9.Signal=USART1_TX
SH.S_TIM2_CH2.ConfNb=1
VP_TIM2_VS_ClockSourceITR.Signal=TIM2_VS_ClockSourceITR
RCC.USBFreq_Value=48000000
SH.S_TIM14_CH1.ConfNb=1
VP_TIM3_VS_ClockSourceINT.Signal=TIM3_VS_ClockSourceINT
PC15-OSC32_OUT.Signal=GPIO_Input
PA1.Signal=SPI3_SCK
Mcu.Pin48=VP_TIM3_VS_ClockSourceITR
Mcu.Pin49=VP_TIM5_VS_ControllerModeTrigger
PB1.Locked=true
Mcu.Pin46=VP_TIM3_VS_ControllerModeTrigger
PF0-OSC_IN.Mode=HSE-External-Oscillator
Mcu.Pin47=VP_TIM3_VS_ClockSourceINT
TIM13.IPParameters=Channel
PB14.Signal=SDADC3_AIN8P
Mcu.Pin40=VP_CRC_VS_CRC
PA5.Signal=S_TIM14_CH1
SH.S_TIM3_CH2.0=TIM3_CH2,PWM Generation2 CH2
Mcu.Pin41=VP_IWDG_VS_IWDG
Mcu.Pin44=VP_TIM2_VS_ClockSourceINT
Mcu.Pin45=VP_TIM2_VS_ClockSourceITR
Mcu.Pin42=VP_SYS_VS_Systick
board=custom
Mcu.Pin43=VP_TIM2_VS_ControllerModeTrigger
ProjectManager.LastFirmware=true
RCC.VCOOutput2Freq_Value=16000000
VP_TIM5_VS_ControllerModeTrigger.Signal=TIM5_VS_ControllerModeTrigger
SH.S_TIM12_CH1.ConfNb=1
TIM12.Channel-PWM\ Generation1\ CH1=TIM_CHANNEL_1
VP_TIM13_VS_ClockSourceINT.Mode=Enable_Timer
VP_USB_DEVICE_VS_USB_DEVICE_HID_FS.Mode=HID_FS
RCC.APB2Freq_Value=48000000
PA1.Mode=Full_Duplex_Master
SPI3.CalculateBaudRate=12.0 MBits/s
TIM14.Channel=TIM_CHANNEL_1
MxCube.Version=5.6.0
Mcu.Pin37=VP_ADC1_TempSens_Input
Mcu.Pin38=VP_ADC1_Vref_Input
Mcu.Pin35=PB8
VP_TIM2_VS_ClockSourceINT.Mode=Internal
RCC.I2C1Freq_Value=8000000
PE8.Signal=SDADC2_AIN8P
Mcu.Pin36=PB9
PC13.GPIOParameters=GPIO_PuPd
Mcu.Pin39=VP_ADC1_Vbat_Input
PB15.GPIO_Speed=GPIO_SPEED_FREQ_LOW
VP_ADC1_TempSens_Input.Signal=ADC1_TempSens_Input
Mcu.Pin30=PB3
SPI3.BaudRatePrescaler=SPI_BAUDRATEPRESCALER_2
VP_SYS_VS_Systick.Mode=SysTick
TIM2.Channel-PWM\ Generation3\ CH3=TIM_CHANNEL_3
Mcu.Pin33=PB6
VP_ADC1_Vref_Input.Signal=ADC1_Vref_Input
TIM3.IPParameters=Channel-PWM Generation2 CH2,Channel-PWM Generation1 CH1,Channel-PWM Generation3 CH3,Channel-PWM Generation4 CH4
Mcu.Pin34=PB7
Mcu.Pin31=PB4
Mcu.Pin32=PB5
PA9.Locked=true
PC15-OSC32_OUT.GPIO_PuPd=GPIO_PULLUP
VP_TIM16_VS_ClockSourceINT.Signal=TIM16_VS_ClockSourceINT
NVIC.NonMaskableInt_IRQn=true\:0\:0\:false\:false\:true\:false\:false
PB15.GPIOParameters=GPIO_Speed,GPIO_PuPd
PA13.Mode=Serial_Wire
ProjectManager.FreePins=false
RCC.IPParameters=ADCoutputFreq_Value,AHBFreq_Value,APB1CLKDivider,APB1Freq_Value,APB1TimFreq_Value,APB2Freq_Value,APB2TimFreq_Value,CECFreq_Value,CortexFreq_Value,FCLKCortexFreq_Value,FamilyName,HCLKFreq_Value,HSEPLLFreq_Value,HSE_VALUE,HSICECFreq_Value,HSIPLLFreq_Value,HSI_VALUE,I2C1Freq_Value,I2CFreq_Value,LSI_VALUE,MCOFreq_Value,PLLCLKFreq_Value,PLLMCOFreq_Value,PLLMUL,PWRFreq_Value,RTCFreq_Value,RTCHSEDivFreq_Value,SDADCPresc,SDADCoutputFreq_Value,SYSCLKFreq_VALUE,SYSCLKSource,TIM2Freq_Value,USART1Freq_Value,USART2Freq_Value,USART3Freq_Value,USBFreq_Value,Usart2ClockSelection,Usart3ClockSelection,VCOOutput2Freq_Value
ProjectManager.AskForMigrate=true
Mcu.Name=STM32F373C(8-B-C)Tx
Mcu.Pin26=PF6
Mcu.Pin27=PF7
RCC.RTCHSEDivFreq_Value=500000
PA2.Signal=SPI3_MISO
Mcu.Pin24=PA12
ProjectManager.UnderRoot=true
Mcu.Pin25=PA13
PB2.Locked=true
Mcu.IP8=SYS
RCC.HSICECFreq_Value=32786.88524590164
Mcu.IP9=TIM2
Mcu.Pin28=PA14
Mcu.IP6=RCC
Mcu.Pin29=PA15
Mcu.IP7=SPI3
ProjectManager.CoupleFile=false
PB3.Signal=S_TIM2_CH2
PA4.Signal=S_TIM12_CH1
RCC.SYSCLKFreq_VALUE=48000000
PB5.Signal=S_TIM3_CH2
Mcu.Pin22=PA10
Mcu.Pin23=PA11
Mcu.Pin20=PA8
ADC1.master=1
PA3.Locked=true
Mcu.Pin21=PA9
PA12.Mode=Device
PA10.Locked=true
VP_TIM2_VS_ControllerModeTrigger.Mode=Trigger Mode
NVIC.ForceEnableDMAVector=true
KeepUserPlacement=false
PB5.GPIO_PuPd=GPIO_NOPULL
NVIC.MemoryManagement_IRQn=true\:0\:0\:false\:false\:true\:false\:false
ProjectManager.CompilerOptimize=6
PA15.GPIO_Speed=GPIO_SPEED_FREQ_LOW
PA11.Signal=USB_DM
SH.S_TIM2_CH1_ETR.0=TIM2_CH1,PWM Generation1 CH1
VP_IWDG_VS_IWDG.Signal=IWDG_VS_IWDG
TIM5.Channel-PWM\ Generation1\ CH1=TIM_CHANNEL_1
PA14.Signal=SYS_JTCK-SWCLK
ProjectManager.HeapSize=0x200
PA0.GPIOParameters=GPIO_PuPd,GPIO_Label
Mcu.Pin15=PE8
NVIC.HardFault_IRQn=true\:0\:0\:false\:false\:true\:false\:false
Mcu.Pin16=PE9
Mcu.Pin13=PB1
Mcu.Pin14=PB2
VP_WWDG_VS_WWDG.Mode=WWDG_Activate
Mcu.Pin19=PD8
PF6.Mode=I2C
SH.S_TIM3_CH1.ConfNb=1
ProjectManager.ComputerToolchain=false
Mcu.Pin17=PB14
RCC.HSI_VALUE=8000000
Mcu.Pin18=PB15
SH.S_TIM3_CH4.ConfNb=1
NVIC.PriorityGroup=NVIC_PRIORITYGROUP_4
ADC1.NbrOfConversionFlag=1
Mcu.Pin11=PA6
TIM3.Channel-PWM\ Generation2\ CH2=TIM_CHANNEL_2
Mcu.Pin12=PB0
PB8.Mode=I2C
Mcu.Pin10=PA5
PA15.GPIO_PuPd=GPIO_NOPULL
PA2.Mode=Full_Duplex_Master
PB8.Signal=I2C1_SCL
RCC.PWRFreq_Value=48000000
PF0-OSC_IN.Signal=RCC_OSC_IN
RCC.APB1Freq_Value=24000000
VP_CRC_VS_CRC.Mode=CRC_Activate
PB0.Signal=SDADC1_AIN6P
USB_DEVICE.VirtualMode=Hid
TIM12.IPParameters=Channel-PWM Generation2 CH2,Channel-PWM Generation1 CH1
ProjectManager.DeviceId=STM32F373CCTx
ProjectManager.LibraryCopy=1
SH.S_TIM3_CH4.0=TIM3_CH4,PWM Generation4 CH4
