#MicroXplorer Configuration settings - do not modify
VP_SDADC3_CONF2.Signal=SDADC3_CONF2
Dma.SDADC2.1.Priority=DMA_PRIORITY_LOW
RCC.USART1Freq_Value=48000000
RCC.SDADCPresc=RCC_SDADCSYSCLK_DIV8
SPI3.Direction=SPI_DIRECTION_2LINES
VP_TIM17_VS_ClockSourceINT.Mode=Enable_Timer
SPI3.VirtualType=VM_MASTER
I2C1.I2C_Speed_Mode=I2C_Standard
SPI1.VirtualType=VM_MASTER
VP_ADC1_TempSens_Input.Mode=IN-TempSens
PA8.GPIO_Mode=GPIO_MODE_INPUT
RCC.PLLCLKFreq_Value=48000000
PC12.Signal=S_TIM19_CH3
PC7.Locked=true
PD8.Locked=true
PC6.GPIO_Label=SPI1_SS0
PC3.Locked=true
RCC.RTCFreq_Value=40000
RCC.HSEPLLFreq_Value=16000000
USART1.IPParameters=VirtualMode-Asynchronous
PinOutPanel.RotationAngle=0
RCC.SYSCLKSource=RCC_SYSCLKSOURCE_PLLCLK
VP_SDADC2_CONF1.Mode=ConfigUn
USART3.VirtualMode-Asynchronous=VM_ASYNC
TIM19.Channel-PWM\ Generation3\ CH3=TIM_CHANNEL_3
SDADC2.NbrOfConversionFlag=1
NVIC.SVCall_IRQn=true\:0\:0\:false\:false\:false\:false\:false\:false
SH.S_TIM16_CH1.ConfNb=1
SH.S_TIM3_CH2.ConfNb=1
PF7.Signal=I2C2_SDA
NVIC.TIM5_IRQn=true\:0\:0\:false\:false\:true\:false\:false\:true
SPI1.Direction=SPI_DIRECTION_2LINES
TIM2.IPParameters=Channel-PWM Generation1 CH1,Channel-PWM Generation2 CH2,OCMode_PWM-PWM Generation1 CH1,OCFastMode_PWM-PWM Generation1 CH1,AutoReloadPreload
RCC.APB2TimFreq_Value=48000000
PB6.Signal=S_TIM4_CH1
PC7.Signal=SPI1_SCK
SPI1.CalculateBaudRate=12.0 MBits/s
PC3.Signal=GPIO_Input
PD8.Signal=SDADC3_AIN6P
TIM17.IPParameters=Channel
Dma.SDADC3.2.RequestParameters=Instance,Direction,PeriphInc,MemInc,PeriphDataAlignment,MemDataAlignment,Mode,Priority
RCC.USART3Freq_Value=24000000
ProjectManager.ProjectBuild=false
NVIC.UsageFault_IRQn=true\:0\:0\:false\:false\:true\:false\:false\:false
PA0.Locked=true
PB2.Signal=SDADC2_AIN6P
PA8.Locked=true
TIM17.Channel=TIM_CHANNEL_1
PC1.GPIO_PuPd=GPIO_PULLUP
ProjectManager.FirmwarePackage=STM32Cube FW_F3 V1.11.0
VP_ADC1_Vref_Input.Mode=IN-Vrefint
MxDb.Version=DB.5.0.60
VP_SYS_VS_tim5.Signal=SYS_VS_tim5
ProjectManager.BackupPrevious=false
SH.S_TIM12_CH1.0=TIM12_CH1,PWM Generation1 CH1
PE9.Signal=SDADC2_AIN7P
PF0-OSC_IN.Locked=true
NVIC.DMA2_Channel4_IRQn=true\:5\:0\:false\:false\:true\:true\:false\:true
PE9.Locked=true
PB14.Mode=IN8-Single-Ended zero reference
SPI1.DataSize=SPI_DATASIZE_4BIT
PC9.Mode=Full_Duplex_Master
SH.S_TIM4_CH2.0=TIM4_CH2,PWM Generation2 CH2
PA8.Signal=GPIO_Input
NVIC.DMA2_Channel3_IRQn=true\:5\:0\:false\:false\:true\:true\:false\:true
NVIC.PendSV_IRQn=true\:15\:0\:false\:false\:false\:true\:false\:false
Dma.SDADC2.1.Instance=DMA2_Channel4
VP_SDADC1_CONF0.Mode=ConfigZero
ProjectManager.HalAssertFull=false
ADC1.SamplingTime-0\#ChannelRegularConversion=ADC_SAMPLETIME_1CYCLE_5
PA0.Signal=GPIO_Output
RCC.PLLMCOFreq_Value=24000000
Mcu.Package=LQFP64
PB9.Signal=I2C1_SDA
PB1.Signal=SDADC1_AIN5P
NVIC.TimeBase=TIM5_IRQn
SPI3.Mode=SPI_MODE_MASTER
PA14.Locked=true
NVIC.TimeBaseIP=TIM5
USART3.IPParameters=VirtualMode-Asynchronous
PA10.Signal=USART1_RX
PE9.Mode=IN7-Single-Ended zero reference
PF7.Locked=true
PC11.Mode=Asynchronous
NVIC.USB_LP_IRQn=true\:5\:0\:false\:false\:true\:true\:false\:true
SH.S_TIM12_CH2.0=TIM12_CH2,PWM Generation2 CH2
RCC.I2CFreq_Value=48000000
PC2.GPIO_Mode=GPIO_MODE_INPUT
SH.S_TIM4_CH1.0=TIM4_CH1,PWM Generation1 CH1
Dma.SDADC1.0.PeriphInc=DMA_PINC_DISABLE
RCC.CECFreq_Value=32786.88524590164
RCC.APB1TimFreq_Value=48000000
NVIC.BusFault_IRQn=true\:0\:0\:false\:false\:true\:false\:false\:false
Dma.SDADC2.1.RequestParameters=Instance,Direction,PeriphInc,MemInc,PeriphDataAlignment,MemDataAlignment,Mode,Priority
PC15-OSC32_OUT.GPIOParameters=GPIO_PuPd,GPIO_Mode
ProjectManager.CustomerFirmwarePackage=
PF1-OSC_OUT.Signal=RCC_OSC_OUT
SH.S_TIM4_CH1.ConfNb=1
ProjectManager.ProjectFileName=STM32.ioc
FREERTOS.Tasks01=defaultTask,24,128,StartDefaultTask,Default,NULL,Dynamic,NULL,NULL
ADC1.Rank-0\#ChannelRegularConversion=1
Mcu.PinsNb=69
PC11.Locked=true
Dma.SDADC3.2.Instance=DMA2_Channel5
ADC1.IPParameters=Rank-0\#ChannelRegularConversion,Channel-0\#ChannelRegularConversion,SamplingTime-0\#ChannelRegularConversion,NbrOfConversionFlag,master
PC13.Locked=true
PC13.Signal=GPIO_Input
PC6.Signal=GPIO_Output
PC2.Signal=GPIO_Input
SH.S_TIM16_CH1.0=TIM16_CH1,Output Compare1 CH1
VP_TIM16_VS_ClockSourceINT.Mode=Enable_Timer
Mcu.Pin68=VP_WWDG_VS_WWDG
PC0.Signal=GPIO_Input
PB14.Locked=true
RCC.APB1CLKDivider=RCC_HCLK_DIV2
PC14-OSC32_IN.Signal=GPIO_Input
Mcu.Pin62=VP_TIM6_VS_ClockSourceINT
Mcu.Pin63=VP_TIM7_VS_ClockSourceINT
VP_TIM17_VS_ClockSourceINT.Signal=TIM17_VS_ClockSourceINT
Mcu.Pin60=VP_SDADC3_CONF2
SH.S_TIM2_CH1_ETR.ConfNb=1
Mcu.Pin61=VP_SYS_VS_tim5
Mcu.Pin66=VP_TIM17_VS_ClockSourceINT
Mcu.Pin67=VP_USB_DEVICE_VS_USB_DEVICE_CDC_FS
Mcu.Pin64=VP_TIM13_VS_ClockSourceINT
Mcu.Pin65=VP_TIM16_VS_ClockSourceINT
PC3.GPIOParameters=GPIO_PuPd,GPIO_Mode
PE8.Mode=IN8-Single-Ended zero reference
VP_TIM6_VS_ClockSourceINT.Signal=TIM6_VS_ClockSourceINT
PA3.Mode=Full_Duplex_Master
PA11.Locked=true
PA8.GPIO_Label=SPI1_SS1
PC15-OSC32_OUT.Locked=true
Mcu.Pin59=VP_SDADC2_CONF1
SDADC3.NbrOfConversionFlag=1
Mcu.Pin57=VP_IWDG_VS_IWDG
Dma.SDADC2.1.MemDataAlignment=DMA_MDATAALIGN_HALFWORD
Mcu.Pin58=VP_SDADC1_CONF0
TIM13.Channel=TIM_CHANNEL_1
TIM4.IPParameters=Channel-PWM Generation1 CH1,Channel-PWM Generation2 CH2
Mcu.Pin51=PB9
RCC.SDADCoutputFreq_Value=6000000
Mcu.Pin52=VP_ADC1_TempSens_Input
Dma.SDADC1.0.MemInc=DMA_MINC_ENABLE
Mcu.Pin50=PB8
VP_CRC_VS_CRC.Signal=CRC_VS_CRC
Mcu.Pin55=VP_CRC_VS_CRC
Dma.SDADC3.2.Direction=DMA_PERIPH_TO_MEMORY
Mcu.Pin56=VP_FREERTOS_VS_CMSIS_V2
Mcu.Pin53=VP_ADC1_Vref_Input
Mcu.Pin54=VP_ADC1_Vbat_Input
PC6.Locked=true
SDADC1.NbrOfConversionFlag=1
PA9.Signal=USART1_TX
SH.S_TIM2_CH2.ConfNb=1
I2C1.Timing=0x20303E5D
PB9.Locked=true
PD8.Mode=IN6-Single-Ended zero reference
Mcu.Pin48=PB6
Mcu.Pin49=PB7
Mcu.Pin46=PB4
Mcu.Pin47=PB5
TIM13.IPParameters=Channel
PB14.Signal=SDADC3_AIN8P
PA5.Signal=S_TIM2_CH1_ETR
Mcu.Pin40=PA15
Mcu.Pin41=PC10
Dma.SDADC1.0.Mode=DMA_NORMAL
Mcu.Pin44=PD2
Mcu.Pin45=PB3
VP_SDADC1_CONF0.Signal=SDADC1_CONF0
Mcu.Pin42=PC11
Mcu.Pin43=PC12
ProjectManager.LastFirmware=true
Dma.SDADC3.2.MemInc=DMA_MINC_ENABLE
SH.S_TIM12_CH1.ConfNb=1
VP_TIM13_VS_ClockSourceINT.Mode=Enable_Timer
PA1.Mode=Full_Duplex_Master
Mcu.Pin37=PF6
Mcu.Pin38=PF7
Mcu.Pin35=PA12
SH.S_TIM19_CH3.0=TIM19_CH3,PWM Generation3 CH3
RCC.I2C1Freq_Value=48000000
PE8.Signal=SDADC2_AIN8P
Mcu.Pin36=PA13
SPI1.Mode=SPI_MODE_MASTER
Mcu.Pin39=PA14
PC2.GPIOParameters=GPIO_PuPd,GPIO_Mode
VP_ADC1_TempSens_Input.Signal=ADC1_TempSens_Input
Mcu.Pin30=PC9
TIM19.IPParameters=Channel-PWM Generation3 CH3
Mcu.Pin33=PA10
TIM3.IPParameters=Channel-PWM Generation1 CH1,Channel-PWM Generation2 CH2
Mcu.Pin34=PA11
RCC.I2c1ClockSelection=RCC_I2C1CLKSOURCE_SYSCLK
Mcu.Pin31=PA8
Mcu.Pin32=PA9
PC15-OSC32_OUT.GPIO_PuPd=GPIO_PULLUP
PA9.Locked=true
VP_TIM16_VS_ClockSourceINT.Signal=TIM16_VS_ClockSourceINT
NVIC.NonMaskableInt_IRQn=true\:0\:0\:false\:false\:true\:false\:false\:false
PA13.Mode=Serial_Wire
ProjectManager.FreePins=false
Dma.SDADC3.2.MemDataAlignment=DMA_MDATAALIGN_HALFWORD
Mcu.Pin26=PD8
Mcu.Pin27=PC6
RCC.RTCHSEDivFreq_Value=500000
Mcu.Pin24=PB14
ProjectManager.UnderRoot=false
Mcu.Pin25=PB15
RCC.HSICECFreq_Value=32786.88524590164
Mcu.Pin28=PC7
Mcu.Pin29=PC8
PC8.Mode=Full_Duplex_Master
PA4.Signal=S_TIM12_CH1
Mcu.Pin22=PE8
PB5.Signal=S_TIM17_CH1
Mcu.Pin23=PE9
Mcu.Pin20=PB1
VP_SDADC2_CONF1.Signal=SDADC2_CONF1
ADC1.master=1
PA3.Locked=true
Mcu.Pin21=PB2
PA10.Locked=true
NVIC.ForceEnableDMAVector=true
NVIC.MemoryManagement_IRQn=true\:0\:0\:false\:false\:true\:false\:false\:false
ProjectManager.CompilerOptimize=6
PA11.Signal=USB_DM
SH.S_TIM2_CH1_ETR.0=TIM2_CH1,PWM Generation1 CH1
ProjectManager.HeapSize=0x200
Mcu.Pin15=PA6
PA0.GPIOParameters=GPIO_Label
NVIC.HardFault_IRQn=true\:0\:0\:false\:false\:true\:false\:false\:false
Mcu.Pin16=PA7
PB1.Mode=IN5-Single-Ended zero reference
Mcu.Pin13=PA4
Mcu.Pin14=PA5
Mcu.Pin19=PB0
SH.S_TIM3_CH1.ConfNb=1
PF6.Mode=I2C
ProjectManager.ComputerToolchain=false
Mcu.Pin17=PC4
Mcu.Pin18=PC5
SH.S_TIM17_CH1.0=TIM17_CH1,Output Compare1 CH1
VP_SDADC3_CONF2.Mode=ConfigDeux
NVIC.PriorityGroup=NVIC_PRIORITYGROUP_4
Mcu.Pin11=PA2
TIM3.Channel-PWM\ Generation2\ CH2=TIM_CHANNEL_2
Mcu.Pin12=PA3
PB8.Mode=I2C
Mcu.Pin10=PA1
TIM2.AutoReloadPreload=TIM_AUTORELOAD_PRELOAD_ENABLE
RCC.PWRFreq_Value=48000000
PC14-OSC32_IN.GPIO_PuPd=GPIO_PULLUP
PF0-OSC_IN.Signal=RCC_OSC_IN
PD2.Signal=GPIO_Output
RCC.I2C2Freq_Value=48000000
PB0.Signal=SDADC1_AIN6P
PC0.Locked=true
TIM12.IPParameters=Channel-PWM Generation1 CH1,Channel-PWM Generation2 CH2
PC1.Signal=GPIO_Input
RCC.I2c2ClockSelection=RCC_I2C2CLKSOURCE_SYSCLK
Mcu.Family=STM32F3
ProjectManager.MainLocation=Src
PC3.GPIO_Mode=GPIO_MODE_INPUT
RCC.MCOFreq_Value=48000000
I2C2.IPParameters=Timing
SH.S_TIM4_CH2.ConfNb=1
USB_DEVICE.CLASS_NAME_FS=CDC
RCC.CortexFreq_Value=48000000
TIM2.OCFastMode_PWM-PWM\ Generation1\ CH1=TIM_OCFAST_DISABLE
ProjectManager.KeepUserCode=true
Mcu.UserName=STM32F373RCTx
PC10.Locked=true
TIM12.Channel-PWM\ Generation2\ CH2=TIM_CHANNEL_2
PC10.Signal=USART3_TX
VP_IWDG_VS_IWDG.Mode=IWDG_Activate
I2C2.Timing=0x20303E5D
SH.S_TIM17_CH1.ConfNb=1
PA0.GPIO_Label=SPI3_SS
ProjectManager.functionlistsort=1-MX_GPIO_Init-GPIO-false-HAL-true,2-MX_DMA_Init-DMA-false-HAL-true,3-SystemClock_Config-RCC-false-HAL-false,4-MX_ADC1_Init-ADC1-false-HAL-true,5-MX_CRC_Init-CRC-false-HAL-true,6-MX_I2C1_Init-I2C1-false-HAL-true,7-MX_I2C2_Init-I2C2-false-HAL-true,8-MX_IWDG_Init-IWDG-false-HAL-true,9-MX_SDADC1_Init-SDADC1-false-HAL-true,10-MX_SDADC2_Init-SDADC2-false-HAL-true,11-MX_SDADC3_Init-SDADC3-false-HAL-true,12-MX_SPI1_Init-SPI1-false-HAL-true,13-MX_SPI3_Init-SPI3-false-HAL-true,14-MX_TIM2_Init-TIM2-false-HAL-true,15-MX_TIM3_Init-TIM3-false-HAL-true,16-MX_TIM4_Init-TIM4-false-HAL-true,17-MX_TIM6_Init-TIM6-false-HAL-true,18-MX_TIM7_Init-TIM7-false-HAL-true,19-MX_TIM12_Init-TIM12-false-HAL-true,20-MX_TIM13_Init-TIM13-false-HAL-true,21-MX_TIM16_Init-TIM16-false-HAL-true,22-MX_TIM17_Init-TIM17-false-HAL-true,23-MX_TIM19_Init-TIM19-false-HAL-true,24-MX_USART1_UART_Init-USART1-false-HAL-true,25-MX_USART3_UART_Init-USART3-false-HAL-true,26-MX_WWDG_Init-WWDG-false-HAL-true,27-MX_USB_DEVICE_Init-USB_DEVICE-false-HAL-false
PC0.GPIOParameters=GPIO_PuPd,GPIO_Mode
PA11.Mode=Device
PC9.Locked=true
RCC.USART2Freq_Value=24000000
PD2.Locked=true
Dma.SDADC1.0.Instance=DMA2_Channel3
TIM2.Channel-PWM\ Generation2\ CH2=TIM_CHANNEL_2
PC1.Locked=true
PB15.Signal=SDADC3_AIN7P
SH.S_TIM13_CH1.0=TIM13_CH1,PWM Generation1 CH1
ProjectManager.StackSize=0x400
VP_FREERTOS_VS_CMSIS_V2.Mode=CMSIS_V2
VP_TIM7_VS_ClockSourceINT.Mode=Enable_Timer
Mcu.IP4=I2C1
Mcu.IP5=I2C2
RCC.FCLKCortexFreq_Value=48000000
I2C1.IPParameters=Timing,I2C_Speed_Mode
Mcu.IP2=DMA
Mcu.IP3=FREERTOS
Mcu.IP0=ADC1
PA12.Locked=true
Mcu.IP1=CRC
PA12.Signal=USB_DP
Mcu.UserConstants=
PC1.GPIOParameters=GPIO_PuPd,GPIO_Mode
Mcu.ThirdPartyNb=0
RCC.HCLKFreq_Value=48000000
Mcu.IPNb=30
ProjectManager.PreviousToolchain=
PA8.GPIOParameters=GPIO_PuPd,GPIO_Label,GPIO_Mode
Mcu.Pin6=PC1
Mcu.Pin7=PC2
Mcu.Pin8=PC3
Mcu.Pin9=PA0
Dma.SDADC3.2.PeriphDataAlignment=DMA_PDATAALIGN_HALFWORD
FREERTOS.IPParameters=Tasks01
RCC.AHBFreq_Value=48000000
RCC.TIM2Freq_Value=48000000
Mcu.Pin0=PC13
Mcu.Pin1=PC14-OSC32_IN
TIM3.Channel-PWM\ Generation1\ CH1=TIM_CHANNEL_1
GPIO.groupedBy=Group By Peripherals
Mcu.Pin2=PC15-OSC32_OUT
Mcu.Pin3=PF0-OSC_IN
PC1.GPIO_Mode=GPIO_MODE_INPUT
Mcu.Pin4=PF1-OSC_OUT
Mcu.Pin5=PC0
ADC1.Channel-0\#ChannelRegularConversion=ADC_CHANNEL_TEMPSENSOR
NVIC.DMA2_Channel5_IRQn=true\:5\:0\:false\:false\:true\:true\:false\:true
RCC.HSE_VALUE=16000000
NVIC.DebugMonitor_IRQn=true\:0\:0\:false\:false\:true\:false\:false\:false
Dma.SDADC1.0.Priority=DMA_PRIORITY_LOW
Mcu.IP10=SDADC2
NVIC.SysTick_IRQn=true\:15\:0\:false\:false\:false\:true\:false\:false
Mcu.IP12=SPI1
RCC.PLLMUL=RCC_PLL_MUL3
Mcu.IP11=SDADC3
Mcu.IP18=TIM6
SH.S_TIM12_CH2.ConfNb=1
Mcu.IP17=TIM4
Mcu.IP19=TIM7
VP_TIM7_VS_ClockSourceINT.Signal=TIM7_VS_ClockSourceINT
Mcu.IP14=SYS
Mcu.IP13=SPI3
Mcu.IP16=TIM3
Mcu.IP15=TIM2
PA14.Mode=Serial_Wire
PE8.Locked=true
Dma.SDADC2.1.Mode=DMA_NORMAL
Dma.SDADC1.0.PeriphDataAlignment=DMA_PDATAALIGN_HALFWORD
Dma.SDADC1.0.RequestParameters=Instance,Direction,PeriphInc,MemInc,PeriphDataAlignment,MemDataAlignment,Mode,Priority
File.Version=6
PC14-OSC32_IN.GPIO_Mode=GPIO_MODE_INPUT
PB7.Signal=S_TIM4_CH2
Mcu.IP21=TIM13
PB8.Locked=true
Mcu.IP20=TIM12
Mcu.IP23=TIM17
TIM2.Channel-PWM\ Generation1\ CH1=TIM_CHANNEL_1
Mcu.IP22=TIM16
SH.S_TIM3_CH1.0=TIM3_CH1,PWM Generation1 CH1
Mcu.IP29=WWDG
Mcu.IP28=USB_DEVICE
Mcu.IP25=USART1
VP_ADC1_Vbat_Input.Signal=ADC1_Vbat_Input
Dma.RequestsNb=3
Mcu.IP24=TIM19
Mcu.IP27=USB
Mcu.IP26=USART3
PB0.Locked=true
PC14-OSC32_IN.GPIOParameters=GPIO_Mode,GPIO_PuPd
ProjectManager.ProjectName=STM32
PA6.Signal=S_TIM3_CH1
RCC.ADCoutputFreq_Value=24000000
ProjectManager.ToolChainLocation=
RCC.LSI_VALUE=40000
SDADC1.IPParameters=NbrOfConversionFlag
PA15.Signal=S_TIM12_CH2
VP_TIM13_VS_ClockSourceINT.Signal=TIM13_VS_ClockSourceINT
VP_USB_DEVICE_VS_USB_DEVICE_CDC_FS.Signal=USB_DEVICE_VS_USB_DEVICE_CDC_FS
Dma.Request2=SDADC3
Dma.Request1=SDADC2
SPI3.IPParameters=VirtualType,Mode,Direction,CalculateBaudRate,BaudRatePrescaler
Dma.SDADC2.1.PeriphDataAlignment=DMA_PDATAALIGN_HALFWORD
PC5.Signal=GPIO_Output
PC0.GPIO_PuPd=GPIO_PULLUP
PF1-OSC_OUT.Mode=HSE-External-Oscillator
Dma.Request0=SDADC1
SPI1.BaudRatePrescaler=SPI_BAUDRATEPRESCALER_2
PC14-OSC32_IN.Locked=true
PB15.Locked=true
PB4.Signal=S_TIM16_CH1
PA3.Signal=SPI3_MOSI
VP_WWDG_VS_WWDG.Signal=WWDG_VS_WWDG
PA2.Locked=true
TIM4.Channel-PWM\ Generation1\ CH1=TIM_CHANNEL_1
Dma.SDADC1.0.MemDataAlignment=DMA_MDATAALIGN_HALFWORD
Dma.SDADC1.0.Direction=DMA_PERIPH_TO_MEMORY
PA10.Mode=Asynchronous
ProjectManager.NoMain=false
SPI1.IPParameters=VirtualType,Mode,Direction,CalculateBaudRate,BaudRatePrescaler,DataSize
USB_DEVICE.VirtualModeFS=Cdc_FS
TIM2.OCMode_PWM-PWM\ Generation1\ CH1=TIM_OCMODE_PWM1
PC11.Signal=USART3_RX
Dma.SDADC2.1.Direction=DMA_PERIPH_TO_MEMORY
PC8.Signal=SPI1_MISO
PC4.Signal=S_TIM13_CH1
PC10.Mode=Asynchronous
VP_SYS_VS_tim5.Mode=TIM5
VP_TIM6_VS_ClockSourceINT.Mode=Enable_Timer
VP_ADC1_Vbat_Input.Mode=IN-Vbat
ProjectManager.DefaultFWLocation=true
ProjectManager.DeletePrevious=true
PF1-OSC_OUT.Locked=true
RCC.HSIPLLFreq_Value=4000000
SH.S_TIM19_CH3.ConfNb=1
USB_DEVICE.IPParameters=VirtualMode,VirtualModeFS,CLASS_NAME_FS
TIM16.Channel=TIM_CHANNEL_1
RCC.FamilyName=M
USART1.VirtualMode-Asynchronous=VM_ASYNC
PA13.Signal=SYS_JTMS-SWDIO
PF7.Mode=I2C
SH.S_TIM2_CH2.0=TIM2_CH2,PWM Generation2 CH2
PA9.Mode=Asynchronous
PF6.Signal=I2C2_SCL
ProjectManager.TargetToolchain=Makefile
SH.S_TIM13_CH1.ConfNb=1
PF6.Locked=true
VP_USB_DEVICE_VS_USB_DEVICE_CDC_FS.Mode=CDC_FS
PB9.Mode=I2C
Dma.SDADC3.2.PeriphInc=DMA_PINC_DISABLE
PC2.Locked=true
RCC.USBFreq_Value=48000000
PC15-OSC32_OUT.GPIO_Mode=GPIO_MODE_INPUT
PC15-OSC32_OUT.Signal=GPIO_Input
PA1.Signal=SPI3_SCK
PB1.Locked=true
PF0-OSC_IN.Mode=HSE-External-Oscillator
SH.S_TIM3_CH2.0=TIM3_CH2,PWM Generation2 CH2
PB0.Mode=IN6-Single-Ended zero reference
board=custom
PB15.Mode=IN7-Single-Ended zero reference
RCC.VCOOutput2Freq_Value=16000000
Dma.SDADC2.1.PeriphInc=DMA_PINC_DISABLE
TIM12.Channel-PWM\ Generation1\ CH1=TIM_CHANNEL_1
Dma.SDADC3.2.Mode=DMA_NORMAL
TIM4.Channel-PWM\ Generation2\ CH2=TIM_CHANNEL_2
RCC.APB2Freq_Value=24000000
SPI3.CalculateBaudRate=12.0 MBits/s
SDADC2.IPParameters=NbrOfConversionFlag
MxCube.Version=5.6.0
PC0.GPIO_Mode=GPIO_MODE_INPUT
SPI3.BaudRatePrescaler=SPI_BAUDRATEPRESCALER_2
Dma.SDADC3.2.Priority=DMA_PRIORITY_LOW
VP_ADC1_Vref_Input.Signal=ADC1_Vref_Input
PC2.GPIO_PuPd=GPIO_PULLUP
Dma.SDADC2.1.MemInc=DMA_MINC_ENABLE
RCC.IPParameters=ADCoutputFreq_Value,AHBFreq_Value,APB1CLKDivider,APB1Freq_Value,APB1TimFreq_Value,APB2Freq_Value,APB2TimFreq_Value,CECFreq_Value,CortexFreq_Value,FCLKCortexFreq_Value,FamilyName,HCLKFreq_Value,HSEPLLFreq_Value,HSE_VALUE,HSICECFreq_Value,HSIPLLFreq_Value,HSI_VALUE,I2C1Freq_Value,I2C2Freq_Value,I2CFreq_Value,I2c1ClockSelection,I2c2ClockSelection,LSI_VALUE,MCOFreq_Value,PLLCLKFreq_Value,PLLMCOFreq_Value,PLLMUL,PWRFreq_Value,RTCFreq_Value,RTCHSEDivFreq_Value,SDADCPresc,SDADCoutputFreq_Value,SYSCLKFreq_VALUE,SYSCLKSource,TIM2Freq_Value,USART1Freq_Value,USART2Freq_Value,USART3Freq_Value,USBFreq_Value,VCOOutput2Freq_Value
ProjectManager.AskForMigrate=true
Mcu.Name=STM32F373R(8-B-C)Tx
PA2.Signal=SPI3_MISO
PB2.Locked=true
Mcu.IP8=RCC
VP_FREERTOS_VS_CMSIS_V2.Signal=FREERTOS_VS_CMSIS_V2
Mcu.IP9=SDADC1
Mcu.IP6=IWDG
Mcu.IP7=NVIC
ProjectManager.CoupleFile=false
PB3.Signal=S_TIM2_CH2
RCC.SYSCLKFreq_VALUE=48000000
PA1.Locked=true
PA12.Mode=Device
KeepUserPlacement=false
PA13.Locked=true
PB2.Mode=IN6-Single-Ended zero reference
VP_IWDG_VS_IWDG.Signal=IWDG_VS_IWDG
PA14.Signal=SYS_JTCK-SWCLK
PC6.GPIOParameters=GPIO_Label
VP_WWDG_VS_WWDG.Mode=WWDG_Activate
SDADC3.IPParameters=NbrOfConversionFlag
RCC.HSI_VALUE=8000000
PA8.GPIO_PuPd=GPIO_PULLUP
ADC1.NbrOfConversionFlag=1
PA2.Mode=Full_Duplex_Master
PB8.Signal=I2C1_SCL
PC8.Locked=true
PC9.Signal=SPI1_MOSI
TIM16.IPParameters=Channel
PC7.Mode=Full_Duplex_Master
RCC.APB1Freq_Value=24000000
VP_CRC_VS_CRC.Mode=CRC_Activate
USB_DEVICE.VirtualMode=Cdc
ProjectManager.DeviceId=STM32F373RCTx
ProjectManager.LibraryCopy=0
PC3.GPIO_PuPd=GPIO_PULLUP
PA7.Signal=S_TIM3_CH2
